
Microsoft Visual Studio Solution File, Format Version 12.00
# Visual Studio Version 16
VisualStudioVersion = 16.0.31729.503
MinimumVisualStudioVersion = 10.0.40219.1
Project("{FAE04EC0-301F-11D3-BF4B-00C04F79EFBC}") = "simpleApi", "simpleApi\simpleApi.csproj", "{5C9F5105-F0D4-4F1C-B506-40FC25C92C5B}"
EndProject
Global
	GlobalSection(SolutionConfigurationPlatforms) = preSolution
		Debug|Any CPU = Debug|Any CPU
		Release|Any CPU = Release|Any CPU
	EndGlobalSection
	GlobalSection(ProjectConfigurationPlatforms) = postSolution
		{5C9F5105-F0D4-4F1C-B506-40FC25C92C5B}.Debug|Any CPU.ActiveCfg = Debug|Any CPU
		{5C9F5105-F0D4-4F1C-B506-40FC25C92C5B}.Debug|Any CPU.Build.0 = Debug|Any CPU
		{5C9F5105-F0D4-4F1C-B506-40FC25C92C5B}.Release|Any CPU.ActiveCfg = Release|Any CPU
		{5C9F5105-F0D4-4F1C-B506-40FC25C92C5B}.Release|Any CPU.Build.0 = Release|Any CPU
	EndGlobalSection
	GlobalSection(SolutionProperties) = preSolution
		HideSolutionNode = FALSE
	EndGlobalSection
	GlobalSection(ExtensibilityGlobals) = postSolution
		SolutionGuid = {1AE87968-CC5C-4F75-B71A-F106C0B4F379}
	EndGlobalSection
EndGlobal
